// !$*UTF8*$!
{
	archiveVersion = 1;
	classes = {
	};
	objectVersion = 50;
	objects = {

/* Begin PBXBuildFile section */
		F80CBA2326CC49CE00527FD6 /* SaveGame.swift in Sources */ = {isa = PBXBuildFile; fileRef = F80CBA2226CC49CE00527FD6 /* SaveGame.swift */; };
		F80CBA2626CC4E0D00527FD6 /* KeysUserDefaults.swift in Sources */ = {isa = PBXBuildFile; fileRef = F80CBA2526CC4E0D00527FD6 /* KeysUserDefaults.swift */; };
		F830E1FE270C4BB400D09067 /* CollectionViewCell.swift in Sources */ = {isa = PBXBuildFile; fileRef = F830E1FC270C4BB400D09067 /* CollectionViewCell.swift */; };
		F830E1FF270C4BB400D09067 /* CollectionViewCell.xib in Resources */ = {isa = PBXBuildFile; fileRef = F830E1FD270C4BB400D09067 /* CollectionViewCell.xib */; };
		F831D6B22711A6DF00666437 /* UIViewController + Enum.swift in Sources */ = {isa = PBXBuildFile; fileRef = F831D6B12711A6DF00666437 /* UIViewController + Enum.swift */; };
		F84DACB72715C406007A5DBB /* CustomButton.swift in Sources */ = {isa = PBXBuildFile; fileRef = F84DACB62715C406007A5DBB /* CustomButton.swift */; };
		F84DACBB2715C41C007A5DBB /* CustomButton.xib in Resources */ = {isa = PBXBuildFile; fileRef = F84DACBA2715C41C007A5DBB /* CustomButton.xib */; };
		F86ACC8326F86B9C00FB15F3 /* Style.storyboard in Resources */ = {isa = PBXBuildFile; fileRef = F86ACC8226F86B9C00FB15F3 /* Style.storyboard */; };
		F86ACC8C26F86C6500FB15F3 /* StyleViewController.swift in Sources */ = {isa = PBXBuildFile; fileRef = F86ACC8B26F86C6500FB15F3 /* StyleViewController.swift */; };
		F86E5CF326DBDA540017B05C /* SettingsTableViewCell.swift in Sources */ = {isa = PBXBuildFile; fileRef = F86E5CF126DBDA540017B05C /* SettingsTableViewCell.swift */; };
		F86E5CF426DBDA540017B05C /* SettingsTableViewCell.xib in Resources */ = {isa = PBXBuildFile; fileRef = F86E5CF226DBDA540017B05C /* SettingsTableViewCell.xib */; };
		F8711C90271DB4200094AE9C /* TableViewCellResults.swift in Sources */ = {isa = PBXBuildFile; fileRef = F8711C8E271DB4200094AE9C /* TableViewCellResults.swift */; };
		F8711C91271DB4200094AE9C /* TableViewCellResults.xib in Resources */ = {isa = PBXBuildFile; fileRef = F8711C8F271DB4200094AE9C /* TableViewCellResults.xib */; };
		F8711C99271DBBAF0094AE9C /* CoreData.xcdatamodeld in Sources */ = {isa = PBXBuildFile; fileRef = F8711C97271DBBAF0094AE9C /* CoreData.xcdatamodeld */; };
		F87A2827271F0DFE00BBD2F3 /* CoreDataManager.swift in Sources */ = {isa = PBXBuildFile; fileRef = F87A2826271F0DFE00BBD2F3 /* CoreDataManager.swift */; };
		F87A282B271F0E6900BBD2F3 /* Results+CoreDataClass.swift in Sources */ = {isa = PBXBuildFile; fileRef = F87A2829271F0E6900BBD2F3 /* Results+CoreDataClass.swift */; };
		F87A282C271F0E6900BBD2F3 /* Results+CoreDataProperties.swift in Sources */ = {isa = PBXBuildFile; fileRef = F87A282A271F0E6900BBD2F3 /* Results+CoreDataProperties.swift */; };
		F87A2830271F102F00BBD2F3 /* ResultsModel.swift in Sources */ = {isa = PBXBuildFile; fileRef = F87A282F271F102F00BBD2F3 /* ResultsModel.swift */; };
		F89994A226DA707200E6D529 /* Chekers.swift in Sources */ = {isa = PBXBuildFile; fileRef = F89994A126DA707200E6D529 /* Chekers.swift */; };
		F89BE69026B6DBA700945883 /* AppDelegate.swift in Sources */ = {isa = PBXBuildFile; fileRef = F89BE68F26B6DBA700945883 /* AppDelegate.swift */; };
		F89BE69226B6DBA700945883 /* SceneDelegate.swift in Sources */ = {isa = PBXBuildFile; fileRef = F89BE69126B6DBA700945883 /* SceneDelegate.swift */; };
		F89BE69926B6DBAE00945883 /* Assets.xcassets in Resources */ = {isa = PBXBuildFile; fileRef = F89BE69826B6DBAE00945883 /* Assets.xcassets */; };
		F89BE69C26B6DBAE00945883 /* LaunchScreen.storyboard in Resources */ = {isa = PBXBuildFile; fileRef = F89BE69A26B6DBAE00945883 /* LaunchScreen.storyboard */; };
		F89BE6AA26B6DC6F00945883 /* Anton-Regular.ttf in Resources */ = {isa = PBXBuildFile; fileRef = F89BE6A926B6DC6F00945883 /* Anton-Regular.ttf */; };
		F89BE6AD26B6DCE500945883 /* UIView + CoreKit.swift in Sources */ = {isa = PBXBuildFile; fileRef = F89BE6AC26B6DCE500945883 /* UIView + CoreKit.swift */; };
		F89BE6B026B6DD2900945883 /* UIViewController + CoreKit.swift in Sources */ = {isa = PBXBuildFile; fileRef = F89BE6AF26B6DD2900945883 /* UIViewController + CoreKit.swift */; };
		F89BE6B326B6DD8800945883 /* UIViewController + Alert.swift in Sources */ = {isa = PBXBuildFile; fileRef = F89BE6B226B6DD8800945883 /* UIViewController + Alert.swift */; };
		F89BE6BA26B6DE1300945883 /* ResultsViewController.swift in Sources */ = {isa = PBXBuildFile; fileRef = F89BE6B926B6DE1300945883 /* ResultsViewController.swift */; };
		F89BE6BF26B6DE3600945883 /* RootViewController.swift in Sources */ = {isa = PBXBuildFile; fileRef = F89BE6BE26B6DE3600945883 /* RootViewController.swift */; };
		F89BE6C226B6DE6300945883 /* GameViewController.swift in Sources */ = {isa = PBXBuildFile; fileRef = F89BE6C126B6DE6300945883 /* GameViewController.swift */; };
		F89BE6C526B6DE9800945883 /* SettingsViewController.swift in Sources */ = {isa = PBXBuildFile; fileRef = F89BE6C426B6DE9800945883 /* SettingsViewController.swift */; };
		F89BE6C826B6DF7400945883 /* Game.storyboard in Resources */ = {isa = PBXBuildFile; fileRef = F89BE6C726B6DF7400945883 /* Game.storyboard */; };
		F89BE6CB26B6DF9D00945883 /* Results.storyboard in Resources */ = {isa = PBXBuildFile; fileRef = F89BE6CA26B6DF9D00945883 /* Results.storyboard */; };
		F89BE6CE26B6DFB200945883 /* Settings.storyboard in Resources */ = {isa = PBXBuildFile; fileRef = F89BE6CD26B6DFB200945883 /* Settings.storyboard */; };
		F89BE6D926B7405000945883 /* Scroll.storyboard in Resources */ = {isa = PBXBuildFile; fileRef = F89BE6D826B7405000945883 /* Scroll.storyboard */; };
		F89BE6DC26B7407400945883 /* ScrollViewController.swift in Sources */ = {isa = PBXBuildFile; fileRef = F89BE6DB26B7407400945883 /* ScrollViewController.swift */; };
		F8D6F522271853E700A90330 /* StyleChecker.swift in Sources */ = {isa = PBXBuildFile; fileRef = F8D6F521271853E700A90330 /* StyleChecker.swift */; };
		F8F39DE6270ED444002635F6 /* Main.storyboard in Resources */ = {isa = PBXBuildFile; fileRef = F8F39DE8270ED444002635F6 /* Main.storyboard */; };
		F8F39DFC270EE03E002635F6 /* UIView + Localized.swift in Sources */ = {isa = PBXBuildFile; fileRef = F8F39DFB270EE03E002635F6 /* UIView + Localized.swift */; };
		F8F39E04270F26FD002635F6 /* en.lproj in Resources */ = {isa = PBXBuildFile; fileRef = F8F39E02270F26FD002635F6 /* en.lproj */; };
		F8F39E05270F26FD002635F6 /* ru.lproj in Resources */ = {isa = PBXBuildFile; fileRef = F8F39E03270F26FD002635F6 /* ru.lproj */; };
		F8F4149F26FA5578009268C4 /* PlayerNames.storyboard in Resources */ = {isa = PBXBuildFile; fileRef = F8F4149E26FA5578009268C4 /* PlayerNames.storyboard */; };
		F8F414A226FA55AC009268C4 /* PlayerNamesViewController.swift in Sources */ = {isa = PBXBuildFile; fileRef = F8F414A126FA55AC009268C4 /* PlayerNamesViewController.swift */; };
/* End PBXBuildFile section */

/* Begin PBXFileReference section */
		F80CBA2226CC49CE00527FD6 /* SaveGame.swift */ = {isa = PBXFileReference; lastKnownFileType = sourcecode.swift; path = SaveGame.swift; sourceTree = "<group>"; };
		F80CBA2526CC4E0D00527FD6 /* KeysUserDefaults.swift */ = {isa = PBXFileReference; lastKnownFileType = sourcecode.swift; path = KeysUserDefaults.swift; sourceTree = "<group>"; };
		F830E1FC270C4BB400D09067 /* CollectionViewCell.swift */ = {isa = PBXFileReference; lastKnownFileType = sourcecode.swift; path = CollectionViewCell.swift; sourceTree = "<group>"; };
		F830E1FD270C4BB400D09067 /* CollectionViewCell.xib */ = {isa = PBXFileReference; lastKnownFileType = file.xib; path = CollectionViewCell.xib; sourceTree = "<group>"; };
		F831D6B12711A6DF00666437 /* UIViewController + Enum.swift */ = {isa = PBXFileReference; lastKnownFileType = sourcecode.swift; path = "UIViewController + Enum.swift"; sourceTree = "<group>"; };
		F84DACB62715C406007A5DBB /* CustomButton.swift */ = {isa = PBXFileReference; lastKnownFileType = sourcecode.swift; path = CustomButton.swift; sourceTree = "<group>"; };
		F84DACBA2715C41C007A5DBB /* CustomButton.xib */ = {isa = PBXFileReference; lastKnownFileType = file.xib; path = CustomButton.xib; sourceTree = "<group>"; };
		F86ACC8226F86B9C00FB15F3 /* Style.storyboard */ = {isa = PBXFileReference; lastKnownFileType = file.storyboard; path = Style.storyboard; sourceTree = "<group>"; };
		F86ACC8B26F86C6500FB15F3 /* StyleViewController.swift */ = {isa = PBXFileReference; lastKnownFileType = sourcecode.swift; path = StyleViewController.swift; sourceTree = "<group>"; };
		F86E5CF126DBDA540017B05C /* SettingsTableViewCell.swift */ = {isa = PBXFileReference; lastKnownFileType = sourcecode.swift; path = SettingsTableViewCell.swift; sourceTree = "<group>"; };
		F86E5CF226DBDA540017B05C /* SettingsTableViewCell.xib */ = {isa = PBXFileReference; lastKnownFileType = file.xib; path = SettingsTableViewCell.xib; sourceTree = "<group>"; };
		F8711C8E271DB4200094AE9C /* TableViewCellResults.swift */ = {isa = PBXFileReference; lastKnownFileType = sourcecode.swift; path = TableViewCellResults.swift; sourceTree = "<group>"; };
		F8711C8F271DB4200094AE9C /* TableViewCellResults.xib */ = {isa = PBXFileReference; lastKnownFileType = file.xib; path = TableViewCellResults.xib; sourceTree = "<group>"; };
		F8711C98271DBBAF0094AE9C /* CoreData.xcdatamodel */ = {isa = PBXFileReference; lastKnownFileType = wrapper.xcdatamodel; path = CoreData.xcdatamodel; sourceTree = "<group>"; };
		F87A2826271F0DFE00BBD2F3 /* CoreDataManager.swift */ = {isa = PBXFileReference; lastKnownFileType = sourcecode.swift; path = CoreDataManager.swift; sourceTree = "<group>"; };
		F87A2829271F0E6900BBD2F3 /* Results+CoreDataClass.swift */ = {isa = PBXFileReference; lastKnownFileType = sourcecode.swift; path = "Results+CoreDataClass.swift"; sourceTree = "<group>"; };
		F87A282A271F0E6900BBD2F3 /* Results+CoreDataProperties.swift */ = {isa = PBXFileReference; lastKnownFileType = sourcecode.swift; path = "Results+CoreDataProperties.swift"; sourceTree = "<group>"; };
		F87A282F271F102F00BBD2F3 /* ResultsModel.swift */ = {isa = PBXFileReference; lastKnownFileType = sourcecode.swift; path = ResultsModel.swift; sourceTree = "<group>"; };
		F89994A126DA707200E6D529 /* Chekers.swift */ = {isa = PBXFileReference; lastKnownFileType = sourcecode.swift; path = Chekers.swift; sourceTree = "<group>"; };
		F89BE68C26B6DBA700945883 /* DZlesson15.app */ = {isa = PBXFileReference; explicitFileType = wrapper.application; includeInIndex = 0; path = DZlesson15.app; sourceTree = BUILT_PRODUCTS_DIR; };
		F89BE68F26B6DBA700945883 /* AppDelegate.swift */ = {isa = PBXFileReference; lastKnownFileType = sourcecode.swift; path = AppDelegate.swift; sourceTree = "<group>"; };
		F89BE69126B6DBA700945883 /* SceneDelegate.swift */ = {isa = PBXFileReference; lastKnownFileType = sourcecode.swift; path = SceneDelegate.swift; sourceTree = "<group>"; };
		F89BE69826B6DBAE00945883 /* Assets.xcassets */ = {isa = PBXFileReference; lastKnownFileType = folder.assetcatalog; path = Assets.xcassets; sourceTree = "<group>"; };
		F89BE69B26B6DBAE00945883 /* Base */ = {isa = PBXFileReference; lastKnownFileType = file.storyboard; name = Base; path = Base.lproj/LaunchScreen.storyboard; sourceTree = "<group>"; };
		F89BE69D26B6DBAE00945883 /* Info.plist */ = {isa = PBXFileReference; lastKnownFileType = text.plist.xml; path = Info.plist; sourceTree = "<group>"; };
		F89BE6A926B6DC6F00945883 /* Anton-Regular.ttf */ = {isa = PBXFileReference; lastKnownFileType = file; path = "Anton-Regular.ttf"; sourceTree = "<group>"; };
		F89BE6AC26B6DCE500945883 /* UIView + CoreKit.swift */ = {isa = PBXFileReference; lastKnownFileType = sourcecode.swift; path = "UIView + CoreKit.swift"; sourceTree = "<group>"; };
		F89BE6AF26B6DD2900945883 /* UIViewController + CoreKit.swift */ = {isa = PBXFileReference; lastKnownFileType = sourcecode.swift; path = "UIViewController + CoreKit.swift"; sourceTree = "<group>"; };
		F89BE6B226B6DD8800945883 /* UIViewController + Alert.swift */ = {isa = PBXFileReference; lastKnownFileType = sourcecode.swift; path = "UIViewController + Alert.swift"; sourceTree = "<group>"; };
		F89BE6B926B6DE1300945883 /* ResultsViewController.swift */ = {isa = PBXFileReference; lastKnownFileType = sourcecode.swift; path = ResultsViewController.swift; sourceTree = "<group>"; };
		F89BE6BE26B6DE3600945883 /* RootViewController.swift */ = {isa = PBXFileReference; lastKnownFileType = sourcecode.swift; path = RootViewController.swift; sourceTree = "<group>"; };
		F89BE6C126B6DE6300945883 /* GameViewController.swift */ = {isa = PBXFileReference; lastKnownFileType = sourcecode.swift; path = GameViewController.swift; sourceTree = "<group>"; };
		F89BE6C426B6DE9800945883 /* SettingsViewController.swift */ = {isa = PBXFileReference; lastKnownFileType = sourcecode.swift; path = SettingsViewController.swift; sourceTree = "<group>"; };
		F89BE6C726B6DF7400945883 /* Game.storyboard */ = {isa = PBXFileReference; lastKnownFileType = file.storyboard; path = Game.storyboard; sourceTree = "<group>"; };
		F89BE6CA26B6DF9D00945883 /* Results.storyboard */ = {isa = PBXFileReference; lastKnownFileType = file.storyboard; path = Results.storyboard; sourceTree = "<group>"; };
		F89BE6CD26B6DFB200945883 /* Settings.storyboard */ = {isa = PBXFileReference; lastKnownFileType = file.storyboard; path = Settings.storyboard; sourceTree = "<group>"; };
		F89BE6D826B7405000945883 /* Scroll.storyboard */ = {isa = PBXFileReference; lastKnownFileType = file.storyboard; path = Scroll.storyboard; sourceTree = "<group>"; };
		F89BE6DB26B7407400945883 /* ScrollViewController.swift */ = {isa = PBXFileReference; lastKnownFileType = sourcecode.swift; path = ScrollViewController.swift; sourceTree = "<group>"; };
		F8D6F521271853E700A90330 /* StyleChecker.swift */ = {isa = PBXFileReference; lastKnownFileType = sourcecode.swift; path = StyleChecker.swift; sourceTree = "<group>"; };
		F8F39DEA270ED44F002635F6 /* Base */ = {isa = PBXFileReference; lastKnownFileType = file.storyboard; name = Base; path = Base.lproj/Main.storyboard; sourceTree = "<group>"; };
		F8F39DFB270EE03E002635F6 /* UIView + Localized.swift */ = {isa = PBXFileReference; lastKnownFileType = sourcecode.swift; path = "UIView + Localized.swift"; sourceTree = "<group>"; };
		F8F39E02270F26FD002635F6 /* en.lproj */ = {isa = PBXFileReference; lastKnownFileType = folder; name = en.lproj; path = DZlesson15/en.lproj; sourceTree = SOURCE_ROOT; };
		F8F39E03270F26FD002635F6 /* ru.lproj */ = {isa = PBXFileReference; lastKnownFileType = folder; name = ru.lproj; path = DZlesson15/ru.lproj; sourceTree = SOURCE_ROOT; };
		F8F4149E26FA5578009268C4 /* PlayerNames.storyboard */ = {isa = PBXFileReference; lastKnownFileType = file.storyboard; path = PlayerNames.storyboard; sourceTree = "<group>"; };
		F8F414A126FA55AC009268C4 /* PlayerNamesViewController.swift */ = {isa = PBXFileReference; lastKnownFileType = sourcecode.swift; path = PlayerNamesViewController.swift; sourceTree = "<group>"; };
/* End PBXFileReference section */

/* Begin PBXFrameworksBuildPhase section */
		F89BE68926B6DBA700945883 /* Frameworks */ = {
			isa = PBXFrameworksBuildPhase;
			buildActionMask = 2147483647;
			files = (
			);
			runOnlyForDeploymentPostprocessing = 0;
		};
/* End PBXFrameworksBuildPhase section */

/* Begin PBXGroup section */
		F830E1FA270C4B4100D09067 /* TableViewCellSettings */ = {
			isa = PBXGroup;
			children = (
				F86E5CF126DBDA540017B05C /* SettingsTableViewCell.swift */,
				F86E5CF226DBDA540017B05C /* SettingsTableViewCell.xib */,
			);
			path = TableViewCellSettings;
			sourceTree = "<group>";
		};
		F830E1FB270C4B5A00D09067 /* CollectionViewCell */ = {
			isa = PBXGroup;
			children = (
				F830E1FC270C4BB400D09067 /* CollectionViewCell.swift */,
				F830E1FD270C4BB400D09067 /* CollectionViewCell.xib */,
			);
			path = CollectionViewCell;
			sourceTree = "<group>";
		};
		F84DACB52715C39A007A5DBB /* CustomButton */ = {
			isa = PBXGroup;
			children = (
				F84DACB62715C406007A5DBB /* CustomButton.swift */,
				F84DACBA2715C41C007A5DBB /* CustomButton.xib */,
			);
			path = CustomButton;
			sourceTree = "<group>";
		};
		F86E5CE526DBD8E60017B05C /* Cells */ = {
			isa = PBXGroup;
			children = (
				F8711C8D271DB3F70094AE9C /* TableViewCellResults */,
				F830E1FA270C4B4100D09067 /* TableViewCellSettings */,
				F830E1FB270C4B5A00D09067 /* CollectionViewCell */,
			);
			path = Cells;
			sourceTree = "<group>";
		};
		F8711C8D271DB3F70094AE9C /* TableViewCellResults */ = {
			isa = PBXGroup;
			children = (
				F8711C8E271DB4200094AE9C /* TableViewCellResults.swift */,
				F8711C8F271DB4200094AE9C /* TableViewCellResults.xib */,
			);
			path = TableViewCellResults;
			sourceTree = "<group>";
		};
		F87A2825271F0DC800BBD2F3 /* CoreData */ = {
			isa = PBXGroup;
			children = (
				F87A2829271F0E6900BBD2F3 /* Results+CoreDataClass.swift */,
				F87A282A271F0E6900BBD2F3 /* Results+CoreDataProperties.swift */,
				F87A2826271F0DFE00BBD2F3 /* CoreDataManager.swift */,
			);
			path = CoreData;
			sourceTree = "<group>";
		};
		F87A282E271F0FC800BBD2F3 /* Models */ = {
			isa = PBXGroup;
			children = (
				F87A282F271F102F00BBD2F3 /* ResultsModel.swift */,
			);
			path = Models;
			sourceTree = "<group>";
		};
		F89BE68326B6DBA700945883 = {
			isa = PBXGroup;
			children = (
				F89BE68E26B6DBA700945883 /* DZlesson15 */,
				F89BE68D26B6DBA700945883 /* Products */,
			);
			sourceTree = "<group>";
		};
		F89BE68D26B6DBA700945883 /* Products */ = {
			isa = PBXGroup;
			children = (
				F89BE68C26B6DBA700945883 /* DZlesson15.app */,
			);
			name = Products;
			sourceTree = "<group>";
		};
		F89BE68E26B6DBA700945883 /* DZlesson15 */ = {
			isa = PBXGroup;
			children = (
				F87A282E271F0FC800BBD2F3 /* Models */,
				F87A2825271F0DC800BBD2F3 /* CoreData */,
				F84DACB52715C39A007A5DBB /* CustomButton */,
				F8F39E01270F267B002635F6 /* Localized */,
				F89BE6A526B6DBC000945883 /* Extensions */,
				F89BE6A426B6DBB800945883 /* Fonts */,
				F86E5CE526DBD8E60017B05C /* Cells */,
				F89BE6A826B6DC2A00945883 /* ViewControllers */,
				F89BE6A726B6DBFA00945883 /* Storyboard */,
				F89BE68F26B6DBA700945883 /* AppDelegate.swift */,
				F89BE69126B6DBA700945883 /* SceneDelegate.swift */,
				F89BE69826B6DBAE00945883 /* Assets.xcassets */,
				F89BE69A26B6DBAE00945883 /* LaunchScreen.storyboard */,
				F89BE69D26B6DBAE00945883 /* Info.plist */,
				F80CBA2226CC49CE00527FD6 /* SaveGame.swift */,
				F80CBA2526CC4E0D00527FD6 /* KeysUserDefaults.swift */,
				F89994A126DA707200E6D529 /* Chekers.swift */,
				F8D6F521271853E700A90330 /* StyleChecker.swift */,
				F8711C97271DBBAF0094AE9C /* CoreData.xcdatamodeld */,
			);
			path = DZlesson15;
			sourceTree = "<group>";
		};
		F89BE6A426B6DBB800945883 /* Fonts */ = {
			isa = PBXGroup;
			children = (
				F89BE6A926B6DC6F00945883 /* Anton-Regular.ttf */,
			);
			path = Fonts;
			sourceTree = "<group>";
		};
		F89BE6A526B6DBC000945883 /* Extensions */ = {
			isa = PBXGroup;
			children = (
				F89BE6AC26B6DCE500945883 /* UIView + CoreKit.swift */,
				F89BE6AF26B6DD2900945883 /* UIViewController + CoreKit.swift */,
				F89BE6B226B6DD8800945883 /* UIViewController + Alert.swift */,
				F8F39DFB270EE03E002635F6 /* UIView + Localized.swift */,
				F831D6B12711A6DF00666437 /* UIViewController + Enum.swift */,
			);
			path = Extensions;
			sourceTree = "<group>";
		};
		F89BE6A726B6DBFA00945883 /* Storyboard */ = {
			isa = PBXGroup;
			children = (
				F8F39DE8270ED444002635F6 /* Main.storyboard */,
				F89BE6C726B6DF7400945883 /* Game.storyboard */,
				F89BE6CA26B6DF9D00945883 /* Results.storyboard */,
				F89BE6CD26B6DFB200945883 /* Settings.storyboard */,
				F8F4149E26FA5578009268C4 /* PlayerNames.storyboard */,
				F86ACC8226F86B9C00FB15F3 /* Style.storyboard */,
				F89BE6D826B7405000945883 /* Scroll.storyboard */,
			);
			path = Storyboard;
			sourceTree = "<group>";
		};
		F89BE6A826B6DC2A00945883 /* ViewControllers */ = {
			isa = PBXGroup;
			children = (
				F89BE6BE26B6DE3600945883 /* RootViewController.swift */,
				F89BE6C126B6DE6300945883 /* GameViewController.swift */,
				F89BE6B926B6DE1300945883 /* ResultsViewController.swift */,
				F89BE6C426B6DE9800945883 /* SettingsViewController.swift */,
				F8F414A126FA55AC009268C4 /* PlayerNamesViewController.swift */,
				F86ACC8B26F86C6500FB15F3 /* StyleViewController.swift */,
				F89BE6DB26B7407400945883 /* ScrollViewController.swift */,
			);
			path = ViewControllers;
			sourceTree = "<group>";
		};
		F8F39E01270F267B002635F6 /* Localized */ = {
			isa = PBXGroup;
			children = (
				F8F39E02270F26FD002635F6 /* en.lproj */,
				F8F39E03270F26FD002635F6 /* ru.lproj */,
			);
			path = Localized;
			sourceTree = "<group>";
		};
/* End PBXGroup section */

/* Begin PBXNativeTarget section */
		F89BE68B26B6DBA700945883 /* DZlesson15 */ = {
			isa = PBXNativeTarget;
			buildConfigurationList = F89BE6A026B6DBAE00945883 /* Build configuration list for PBXNativeTarget "DZlesson15" */;
			buildPhases = (
				F89BE68826B6DBA700945883 /* Sources */,
				F89BE68926B6DBA700945883 /* Frameworks */,
				F89BE68A26B6DBA700945883 /* Resources */,
			);
			buildRules = (
			);
			dependencies = (
			);
			name = DZlesson15;
			productName = DZlesson15;
			productReference = F89BE68C26B6DBA700945883 /* DZlesson15.app */;
			productType = "com.apple.product-type.application";
		};
/* End PBXNativeTarget section */

/* Begin PBXProject section */
		F89BE68426B6DBA700945883 /* Project object */ = {
			isa = PBXProject;
			attributes = {
				LastSwiftUpdateCheck = 1240;
				LastUpgradeCheck = 1240;
				TargetAttributes = {
					F89BE68B26B6DBA700945883 = {
						CreatedOnToolsVersion = 12.4;
					};
				};
			};
			buildConfigurationList = F89BE68726B6DBA700945883 /* Build configuration list for PBXProject "DZlesson15" */;
			compatibilityVersion = "Xcode 9.3";
			developmentRegion = en;
			hasScannedForEncodings = 0;
			knownRegions = (
				en,
				Base,
				ru,
			);
			mainGroup = F89BE68326B6DBA700945883;
			productRefGroup = F89BE68D26B6DBA700945883 /* Products */;
			projectDirPath = "";
			projectRoot = "";
			targets = (
				F89BE68B26B6DBA700945883 /* DZlesson15 */,
			);
		};
/* End PBXProject section */

/* Begin PBXResourcesBuildPhase section */
		F89BE68A26B6DBA700945883 /* Resources */ = {
			isa = PBXResourcesBuildPhase;
			buildActionMask = 2147483647;
			files = (
				F8F39DE6270ED444002635F6 /* Main.storyboard in Resources */,
				F89BE6AA26B6DC6F00945883 /* Anton-Regular.ttf in Resources */,
				F830E1FF270C4BB400D09067 /* CollectionViewCell.xib in Resources */,
				F89BE69C26B6DBAE00945883 /* LaunchScreen.storyboard in Resources */,
				F8F39E05270F26FD002635F6 /* ru.lproj in Resources */,
				F8711C91271DB4200094AE9C /* TableViewCellResults.xib in Resources */,
				F86E5CF426DBDA540017B05C /* SettingsTableViewCell.xib in Resources */,
				F89BE69926B6DBAE00945883 /* Assets.xcassets in Resources */,
				F89BE6CB26B6DF9D00945883 /* Results.storyboard in Resources */,
				F8F4149F26FA5578009268C4 /* PlayerNames.storyboard in Resources */,
				F86ACC8326F86B9C00FB15F3 /* Style.storyboard in Resources */,
				F89BE6C826B6DF7400945883 /* Game.storyboard in Resources */,
				F89BE6CE26B6DFB200945883 /* Settings.storyboard in Resources */,
				F89BE6D926B7405000945883 /* Scroll.storyboard in Resources */,
				F84DACBB2715C41C007A5DBB /* CustomButton.xib in Resources */,
				F8F39E04270F26FD002635F6 /* en.lproj in Resources */,
			);
			runOnlyForDeploymentPostprocessing = 0;
		};
/* End PBXResourcesBuildPhase section */

/* Begin PBXSourcesBuildPhase section */
		F89BE68826B6DBA700945883 /* Sources */ = {
			isa = PBXSourcesBuildPhase;
			buildActionMask = 2147483647;
			files = (
				F80CBA2326CC49CE00527FD6 /* SaveGame.swift in Sources */,
				F89994A226DA707200E6D529 /* Chekers.swift in Sources */,
				F8D6F522271853E700A90330 /* StyleChecker.swift in Sources */,
				F8F39DFC270EE03E002635F6 /* UIView + Localized.swift in Sources */,
				F830E1FE270C4BB400D09067 /* CollectionViewCell.swift in Sources */,
				F84DACB72715C406007A5DBB /* CustomButton.swift in Sources */,
				F87A2830271F102F00BBD2F3 /* ResultsModel.swift in Sources */,
				F87A2827271F0DFE00BBD2F3 /* CoreDataManager.swift in Sources */,
				F89BE6AD26B6DCE500945883 /* UIView + CoreKit.swift in Sources */,
				F87A282C271F0E6900BBD2F3 /* Results+CoreDataProperties.swift in Sources */,
				F87A282B271F0E6900BBD2F3 /* Results+CoreDataClass.swift in Sources */,
				F89BE69026B6DBA700945883 /* AppDelegate.swift in Sources */,
				F8F414A226FA55AC009268C4 /* PlayerNamesViewController.swift in Sources */,
				F86ACC8C26F86C6500FB15F3 /* StyleViewController.swift in Sources */,
				F86E5CF326DBDA540017B05C /* SettingsTableViewCell.swift in Sources */,
				F89BE6B326B6DD8800945883 /* UIViewController + Alert.swift in Sources */,
				F89BE6BF26B6DE3600945883 /* RootViewController.swift in Sources */,
				F89BE6C226B6DE6300945883 /* GameViewController.swift in Sources */,
				F831D6B22711A6DF00666437 /* UIViewController + Enum.swift in Sources */,
				F8711C99271DBBAF0094AE9C /* CoreData.xcdatamodeld in Sources */,
				F89BE69226B6DBA700945883 /* SceneDelegate.swift in Sources */,
				F89BE6B026B6DD2900945883 /* UIViewController + CoreKit.swift in Sources */,
				F8711C90271DB4200094AE9C /* TableViewCellResults.swift in Sources */,
				F80CBA2626CC4E0D00527FD6 /* KeysUserDefaults.swift in Sources */,
				F89BE6DC26B7407400945883 /* ScrollViewController.swift in Sources */,
				F89BE6BA26B6DE1300945883 /* ResultsViewController.swift in Sources */,
				F89BE6C526B6DE9800945883 /* SettingsViewController.swift in Sources */,
			);
			runOnlyForDeploymentPostprocessing = 0;
		};
/* End PBXSourcesBuildPhase section */

/* Begin PBXVariantGroup section */
		F89BE69A26B6DBAE00945883 /* LaunchScreen.storyboard */ = {
			isa = PBXVariantGroup;
			children = (
				F89BE69B26B6DBAE00945883 /* Base */,
			);
			name = LaunchScreen.storyboard;
			sourceTree = "<group>";
		};
		F8F39DE8270ED444002635F6 /* Main.storyboard */ = {
			isa = PBXVariantGroup;
			children = (
				F8F39DEA270ED44F002635F6 /* Base */,
			);
			name = Main.storyboard;
			sourceTree = "<group>";
		};
/* End PBXVariantGroup section */

/* Begin XCBuildConfiguration section */
		F89BE69E26B6DBAE00945883 /* Debug */ = {
			isa = XCBuildConfiguration;
			buildSettings = {
				ALWAYS_SEARCH_USER_PATHS = NO;
				CLANG_ANALYZER_LOCALIZABILITY_NONLOCALIZED = YES;
				CLANG_ANALYZER_NONNULL = YES;
				CLANG_ANALYZER_NUMBER_OBJECT_CONVERSION = YES_AGGRESSIVE;
				CLANG_CXX_LANGUAGE_STANDARD = "gnu++14";
				CLANG_CXX_LIBRARY = "libc++";
				CLANG_ENABLE_MODULES = YES;
				CLANG_ENABLE_OBJC_ARC = YES;
				CLANG_ENABLE_OBJC_WEAK = YES;
				CLANG_WARN_BLOCK_CAPTURE_AUTORELEASING = YES;
				CLANG_WARN_BOOL_CONVERSION = YES;
				CLANG_WARN_COMMA = YES;
				CLANG_WARN_CONSTANT_CONVERSION = YES;
				CLANG_WARN_DEPRECATED_OBJC_IMPLEMENTATIONS = YES;
				CLANG_WARN_DIRECT_OBJC_ISA_USAGE = YES_ERROR;
				CLANG_WARN_DOCUMENTATION_COMMENTS = YES;
				CLANG_WARN_EMPTY_BODY = YES;
				CLANG_WARN_ENUM_CONVERSION = YES;
				CLANG_WARN_INFINITE_RECURSION = YES;
				CLANG_WARN_INT_CONVERSION = YES;
				CLANG_WARN_NON_LITERAL_NULL_CONVERSION = YES;
				CLANG_WARN_OBJC_IMPLICIT_RETAIN_SELF = YES;
				CLANG_WARN_OBJC_LITERAL_CONVERSION = YES;
				CLANG_WARN_OBJC_ROOT_CLASS = YES_ERROR;
				CLANG_WARN_QUOTED_INCLUDE_IN_FRAMEWORK_HEADER = YES;
				CLANG_WARN_RANGE_LOOP_ANALYSIS = YES;
				CLANG_WARN_STRICT_PROTOTYPES = YES;
				CLANG_WARN_SUSPICIOUS_MOVE = YES;
				CLANG_WARN_UNGUARDED_AVAILABILITY = YES_AGGRESSIVE;
				CLANG_WARN_UNREACHABLE_CODE = YES;
				CLANG_WARN__DUPLICATE_METHOD_MATCH = YES;
				COPY_PHASE_STRIP = NO;
				DEBUG_INFORMATION_FORMAT = dwarf;
				ENABLE_STRICT_OBJC_MSGSEND = YES;
				ENABLE_TESTABILITY = YES;
				GCC_C_LANGUAGE_STANDARD = gnu11;
				GCC_DYNAMIC_NO_PIC = NO;
				GCC_NO_COMMON_BLOCKS = YES;
				GCC_OPTIMIZATION_LEVEL = 0;
				GCC_PREPROCESSOR_DEFINITIONS = (
					"DEBUG=1",
					"$(inherited)",
				);
				GCC_WARN_64_TO_32_BIT_CONVERSION = YES;
				GCC_WARN_ABOUT_RETURN_TYPE = YES_ERROR;
				GCC_WARN_UNDECLARED_SELECTOR = YES;
				GCC_WARN_UNINITIALIZED_AUTOS = YES_AGGRESSIVE;
				GCC_WARN_UNUSED_FUNCTION = YES;
				GCC_WARN_UNUSED_VARIABLE = YES;
				IPHONEOS_DEPLOYMENT_TARGET = 14.4;
				MTL_ENABLE_DEBUG_INFO = INCLUDE_SOURCE;
				MTL_FAST_MATH = YES;
				ONLY_ACTIVE_ARCH = YES;
				SDKROOT = iphoneos;
				SWIFT_ACTIVE_COMPILATION_CONDITIONS = DEBUG;
				SWIFT_OPTIMIZATION_LEVEL = "-Onone";
			};
			name = Debug;
		};
		F89BE69F26B6DBAE00945883 /* Release */ = {
			isa = XCBuildConfiguration;
			buildSettings = {
				ALWAYS_SEARCH_USER_PATHS = NO;
				CLANG_ANALYZER_LOCALIZABILITY_NONLOCALIZED = YES;
				CLANG_ANALYZER_NONNULL = YES;
				CLANG_ANALYZER_NUMBER_OBJECT_CONVERSION = YES_AGGRESSIVE;
				CLANG_CXX_LANGUAGE_STANDARD = "gnu++14";
				CLANG_CXX_LIBRARY = "libc++";
				CLANG_ENABLE_MODULES = YES;
				CLANG_ENABLE_OBJC_ARC = YES;
				CLANG_ENABLE_OBJC_WEAK = YES;
				CLANG_WARN_BLOCK_CAPTURE_AUTORELEASING = YES;
				CLANG_WARN_BOOL_CONVERSION = YES;
				CLANG_WARN_COMMA = YES;
				CLANG_WARN_CONSTANT_CONVERSION = YES;
				CLANG_WARN_DEPRECATED_OBJC_IMPLEMENTATIONS = YES;
				CLANG_WARN_DIRECT_OBJC_ISA_USAGE = YES_ERROR;
				CLANG_WARN_DOCUMENTATION_COMMENTS = YES;
				CLANG_WARN_EMPTY_BODY = YES;
				CLANG_WARN_ENUM_CONVERSION = YES;
				CLANG_WARN_INFINITE_RECURSION = YES;
				CLANG_WARN_INT_CONVERSION = YES;
				CLANG_WARN_NON_LITERAL_NULL_CONVERSION = YES;
				CLANG_WARN_OBJC_IMPLICIT_RETAIN_SELF = YES;
				CLANG_WARN_OBJC_LITERAL_CONVERSION = YES;
				CLANG_WARN_OBJC_ROOT_CLASS = YES_ERROR;
				CLANG_WARN_QUOTED_INCLUDE_IN_FRAMEWORK_HEADER = YES;
				CLANG_WARN_RANGE_LOOP_ANALYSIS = YES;
				CLANG_WARN_STRICT_PROTOTYPES = YES;
				CLANG_WARN_SUSPICIOUS_MOVE = YES;
				CLANG_WARN_UNGUARDED_AVAILABILITY = YES_AGGRESSIVE;
				CLANG_WARN_UNREACHABLE_CODE = YES;
				CLANG_WARN__DUPLICATE_METHOD_MATCH = YES;
				COPY_PHASE_STRIP = NO;
				DEBUG_INFORMATION_FORMAT = "dwarf-with-dsym";
				ENABLE_NS_ASSERTIONS = NO;
				ENABLE_STRICT_OBJC_MSGSEND = YES;
				GCC_C_LANGUAGE_STANDARD = gnu11;
				GCC_NO_COMMON_BLOCKS = YES;
				GCC_WARN_64_TO_32_BIT_CONVERSION = YES;
				GCC_WARN_ABOUT_RETURN_TYPE = YES_ERROR;
				GCC_WARN_UNDECLARED_SELECTOR = YES;
				GCC_WARN_UNINITIALIZED_AUTOS = YES_AGGRESSIVE;
				GCC_WARN_UNUSED_FUNCTION = YES;
				GCC_WARN_UNUSED_VARIABLE = YES;
				IPHONEOS_DEPLOYMENT_TARGET = 14.4;
				MTL_ENABLE_DEBUG_INFO = NO;
				MTL_FAST_MATH = YES;
				SDKROOT = iphoneos;
				SWIFT_COMPILATION_MODE = wholemodule;
				SWIFT_OPTIMIZATION_LEVEL = "-O";
				VALIDATE_PRODUCT = YES;
			};
			name = Release;
		};
		F89BE6A126B6DBAE00945883 /* Debug */ = {
			isa = XCBuildConfiguration;
			buildSettings = {
				ASSETCATALOG_COMPILER_APPICON_NAME = AppIcon;
				ASSETCATALOG_COMPILER_GLOBAL_ACCENT_COLOR_NAME = AccentColor;
				CODE_SIGN_STYLE = Automatic;
				INFOPLIST_FILE = DZlesson15/Info.plist;
				LD_RUNPATH_SEARCH_PATHS = (
					"$(inherited)",
					"@executable_path/Frameworks",
				);
				PRODUCT_BUNDLE_IDENTIFIER = by.my.app.DZlesson15;
				PRODUCT_NAME = "$(TARGET_NAME)";
				SWIFT_VERSION = 5.0;
				TARGETED_DEVICE_FAMILY = "1,2";
			};
			name = Debug;
		};
		F89BE6A226B6DBAE00945883 /* Release */ = {
			isa = XCBuildConfiguration;
			buildSettings = {
				ASSETCATALOG_COMPILER_APPICON_NAME = AppIcon;
				ASSETCATALOG_COMPILER_GLOBAL_ACCENT_COLOR_NAME = AccentColor;
				CODE_SIGN_STYLE = Automatic;
				INFOPLIST_FILE = DZlesson15/Info.plist;
				LD_RUNPATH_SEARCH_PATHS = (
					"$(inherited)",
					"@executable_path/Frameworks",
				);
				PRODUCT_BUNDLE_IDENTIFIER = by.my.app.DZlesson15;
				PRODUCT_NAME = "$(TARGET_NAME)";
				SWIFT_VERSION = 5.0;
				TARGETED_DEVICE_FAMILY = "1,2";
			};
			name = Release;
		};
/* End XCBuildConfiguration section */

/* Begin XCConfigurationList section */
		F89BE68726B6DBA700945883 /* Build configuration list for PBXProject "DZlesson15" */ = {
			isa = XCConfigurationList;
			buildConfigurations = (
				F89BE69E26B6DBAE00945883 /* Debug */,
				F89BE69F26B6DBAE00945883 /* Release */,
			);
			defaultConfigurationIsVisible = 0;
			defaultConfigurationName = Release;
		};
		F89BE6A026B6DBAE00945883 /* Build configuration list for PBXNativeTarget "DZlesson15" */ = {
			isa = XCConfigurationList;
			buildConfigurations = (
				F89BE6A126B6DBAE00945883 /* Debug */,
				F89BE6A226B6DBAE00945883 /* Release */,
			);
			defaultConfigurationIsVisible = 0;
			defaultConfigurationName = Release;
		};
/* End XCConfigurationList section */

/* Begin XCVersionGroup section */
		F8711C97271DBBAF0094AE9C /* CoreData.xcdatamodeld */ = {
			isa = XCVersionGroup;
			children = (
				F8711C98271DBBAF0094AE9C /* CoreData.xcdatamodel */,
			);
			currentVersion = F8711C98271DBBAF0094AE9C /* CoreData.xcdatamodel */;
			path = CoreData.xcdatamodeld;
			sourceTree = "<group>";
			versionGroupType = wrapper.xcdatamodel;
		};
/* End XCVersionGroup section */
	};
	rootObject = F89BE68426B6DBA700945883 /* Project object */;
}
